
Microsoft Visual Studio Solution File, Format Version 12.00
# Visual Studio Version 17
VisualStudioVersion = 17.4.33213.308
MinimumVisualStudioVersion = 10.0.40219.1
Project("{FAE04EC0-301F-11D3-BF4B-00C04F79EFBC}") = "IanMorel", "IanMorel\IanMorel.csproj", "{5904B800-94FB-4F85-9FF8-851BBC4B84E7}"
EndProject
Global
	GlobalSection(SolutionConfigurationPlatforms) = preSolution
		Debug|Any CPU = Debug|Any CPU
		Release|Any CPU = Release|Any CPU
	EndGlobalSection
	GlobalSection(ProjectConfigurationPlatforms) = postSolution
		{5904B800-94FB-4F85-9FF8-851BBC4B84E7}.Debug|Any CPU.ActiveCfg = Debug|Any CPU
		{5904B800-94FB-4F85-9FF8-851BBC4B84E7}.Debug|Any CPU.Build.0 = Debug|Any CPU
		{5904B800-94FB-4F85-9FF8-851BBC4B84E7}.Release|Any CPU.ActiveCfg = Release|Any CPU
		{5904B800-94FB-4F85-9FF8-851BBC4B84E7}.Release|Any CPU.Build.0 = Release|Any CPU
	EndGlobalSection
	GlobalSection(SolutionProperties) = preSolution
		HideSolutionNode = FALSE
	EndGlobalSection
	GlobalSection(ExtensibilityGlobals) = postSolution
		SolutionGuid = {9752064D-D57A-4A7B-936A-791746FBC694}
	EndGlobalSection
EndGlobal
